
Microsoft Visual Studio Solution File, Format Version 12.00
# Visual Studio Version 17
VisualStudioVersion = 17.6.33723.286
MinimumVisualStudioVersion = 10.0.40219.1
Project("{2150E333-8FDC-42A3-9474-1A3956D46DE8}") = "Services", "Services", "{72BCA93C-9F19-4C93-A979-754EEB92B845}"
EndProject
Project("{2150E333-8FDC-42A3-9474-1A3956D46DE8}") = "Catalog", "Catalog", "{A4A1E425-A541-40D4-9959-8896291B00C1}"
EndProject
Project("{9A19103F-16F7-4668-BE54-9A1E7A4F7556}") = "Ticket.Services.Catalog", "Services\Catalog\Ticket.Services.Catalog\Ticket.Services.Catalog.csproj", "{AC4144BB-56B9-4AF3-8904-0802F5C3EC57}"
EndProject
Project("{2150E333-8FDC-42A3-9474-1A3956D46DE8}") = "Solution Items", "Solution Items", "{E3748539-C6B9-4781-A2F2-B8A1369A8F83}"
	ProjectSection(SolutionItems) = preProject
		Ports.txt = Ports.txt
	EndProjectSection
EndProject
Project("{2150E333-8FDC-42A3-9474-1A3956D46DE8}") = "Shared", "Shared", "{99C017D4-EAC1-451E-A899-B17E65116ACA}"
EndProject
Project("{9A19103F-16F7-4668-BE54-9A1E7A4F7556}") = "Ticket.Shared", "Shared\Ticket.Shared\Ticket.Shared.csproj", "{5967534B-5083-4DA4-8591-C29A5A8562FF}"
EndProject
Project("{2150E333-8FDC-42A3-9474-1A3956D46DE8}") = "IdentityServer", "IdentityServer", "{E3F336DC-A9FF-4C86-A7EF-1B2FF7869CB5}"
EndProject
Project("{9A19103F-16F7-4668-BE54-9A1E7A4F7556}") = "Ticket.IdentityServer", "IdentityServer\Ticket.IdentityServer\Ticket.IdentityServer.csproj", "{D1CBCE0C-8600-4DFE-A235-BF7F5F8A4FC7}"
EndProject
Project("{2150E333-8FDC-42A3-9474-1A3956D46DE8}") = "PhotoStock", "PhotoStock", "{FBA3A6DE-4C67-42B0-918C-E76B132A3A9B}"
EndProject
Project("{9A19103F-16F7-4668-BE54-9A1E7A4F7556}") = "Ticket.Services.PhotoStock", "Services\PhotoStock\Ticket.Services.PhotoStock\Ticket.Services.PhotoStock.csproj", "{9E7CD863-140E-439E-81CB-9C26605A5198}"
EndProject
Project("{2150E333-8FDC-42A3-9474-1A3956D46DE8}") = "Basket", "Basket", "{DB69BB0D-C725-4E43-95F9-38BF950DD5B5}"
EndProject
Project("{9A19103F-16F7-4668-BE54-9A1E7A4F7556}") = "Ticket.Services.Bakset", "Services\Basket\Ticket.Services.Bakset\Ticket.Services.Bakset.csproj", "{B734343E-ACC1-472F-8992-9CA9F1B02652}"
EndProject
Project("{2150E333-8FDC-42A3-9474-1A3956D46DE8}") = "Discount", "Discount", "{3ADB3837-A2B4-469F-95F3-35626B1A6585}"
EndProject
Project("{9A19103F-16F7-4668-BE54-9A1E7A4F7556}") = "Ticket.Services.Discount", "Services\Discount\Ticket.Services.Discount\Ticket.Services.Discount.csproj", "{313D4E1D-FD38-4CD9-9CE8-0A890C2EFDD1}"
EndProject
Project("{2150E333-8FDC-42A3-9474-1A3956D46DE8}") = "Order", "Order", "{D621DFB5-5AB0-4E28-9C8D-55817C377FE0}"
EndProject
Project("{9A19103F-16F7-4668-BE54-9A1E7A4F7556}") = "Ticket.Services.Order.API", "Services\Order\Ticket.Services.Order.API\Ticket.Services.Order.API.csproj", "{5779D5DC-FE39-478B-90E0-3950BCD53B78}"
EndProject
Project("{9A19103F-16F7-4668-BE54-9A1E7A4F7556}") = "Ticket.Services.Order.Application", "Services\Order\Ticket.Services.Order.Application\Ticket.Services.Order.Application.csproj", "{A16BB886-4A11-472D-813B-1A19CD0C9146}"
EndProject
Project("{9A19103F-16F7-4668-BE54-9A1E7A4F7556}") = "Ticket.Services.Order.Domain", "Services\Order\Ticket.Services.Order.Domain\Ticket.Services.Order.Domain.csproj", "{3D3642D1-4CDF-4F5A-9A6C-020216C67863}"
EndProject
Project("{9A19103F-16F7-4668-BE54-9A1E7A4F7556}") = "Ticket.Services.Order.Domain.Core", "Services\Order\Ticket.Services.Order.Domain.Core\Ticket.Services.Order.Domain.Core.csproj", "{0F15D48A-D333-4446-B50B-89FFBDE44D60}"
EndProject
Project("{9A19103F-16F7-4668-BE54-9A1E7A4F7556}") = "Ticket.Services.Order.Infrastructure", "Services\Order\Ticket.Services.Order.Infrastructure\Ticket.Services.Order.Infrastructure.csproj", "{77696E02-2FA3-49C5-96B5-FFAA11B1659E}"
EndProject
Project("{2150E333-8FDC-42A3-9474-1A3956D46DE8}") = "Payment", "Payment", "{027900F0-07AD-4C67-840F-6C38D180D2C3}"
EndProject
Project("{FAE04EC0-301F-11D3-BF4B-00C04F79EFBC}") = "Ticket.Services.Payment", "Services\Payment\Ticket.Services.Payment\Ticket.Services.Payment.csproj", "{8AA79C23-5619-4A13-999D-DF9F993F0665}"
EndProject
Project("{2150E333-8FDC-42A3-9474-1A3956D46DE8}") = "Gateways", "Gateways", "{935BCFB4-3C34-4FA2-BA0E-1A0955E49444}"
EndProject
Project("{FAE04EC0-301F-11D3-BF4B-00C04F79EFBC}") = "Ticket.Gateway", "Gateways\Ticket.Gateway\Ticket.Gateway.csproj", "{6F03F012-2192-4FE3-892D-DF5F6B89EA00}"
EndProject
Global
	GlobalSection(SolutionConfigurationPlatforms) = preSolution
		Debug|Any CPU = Debug|Any CPU
		Release|Any CPU = Release|Any CPU
	EndGlobalSection
	GlobalSection(ProjectConfigurationPlatforms) = postSolution
		{AC4144BB-56B9-4AF3-8904-0802F5C3EC57}.Debug|Any CPU.ActiveCfg = Debug|Any CPU
		{AC4144BB-56B9-4AF3-8904-0802F5C3EC57}.Debug|Any CPU.Build.0 = Debug|Any CPU
		{AC4144BB-56B9-4AF3-8904-0802F5C3EC57}.Release|Any CPU.ActiveCfg = Release|Any CPU
		{AC4144BB-56B9-4AF3-8904-0802F5C3EC57}.Release|Any CPU.Build.0 = Release|Any CPU
		{5967534B-5083-4DA4-8591-C29A5A8562FF}.Debug|Any CPU.ActiveCfg = Debug|Any CPU
		{5967534B-5083-4DA4-8591-C29A5A8562FF}.Debug|Any CPU.Build.0 = Debug|Any CPU
		{5967534B-5083-4DA4-8591-C29A5A8562FF}.Release|Any CPU.ActiveCfg = Release|Any CPU
		{5967534B-5083-4DA4-8591-C29A5A8562FF}.Release|Any CPU.Build.0 = Release|Any CPU
		{D1CBCE0C-8600-4DFE-A235-BF7F5F8A4FC7}.Debug|Any CPU.ActiveCfg = Debug|Any CPU
		{D1CBCE0C-8600-4DFE-A235-BF7F5F8A4FC7}.Debug|Any CPU.Build.0 = Debug|Any CPU
		{D1CBCE0C-8600-4DFE-A235-BF7F5F8A4FC7}.Release|Any CPU.ActiveCfg = Release|Any CPU
		{D1CBCE0C-8600-4DFE-A235-BF7F5F8A4FC7}.Release|Any CPU.Build.0 = Release|Any CPU
		{9E7CD863-140E-439E-81CB-9C26605A5198}.Debug|Any CPU.ActiveCfg = Debug|Any CPU
		{9E7CD863-140E-439E-81CB-9C26605A5198}.Debug|Any CPU.Build.0 = Debug|Any CPU
		{9E7CD863-140E-439E-81CB-9C26605A5198}.Release|Any CPU.ActiveCfg = Release|Any CPU
		{9E7CD863-140E-439E-81CB-9C26605A5198}.Release|Any CPU.Build.0 = Release|Any CPU
		{B734343E-ACC1-472F-8992-9CA9F1B02652}.Debug|Any CPU.ActiveCfg = Debug|Any CPU
		{B734343E-ACC1-472F-8992-9CA9F1B02652}.Debug|Any CPU.Build.0 = Debug|Any CPU
		{B734343E-ACC1-472F-8992-9CA9F1B02652}.Release|Any CPU.ActiveCfg = Release|Any CPU
		{B734343E-ACC1-472F-8992-9CA9F1B02652}.Release|Any CPU.Build.0 = Release|Any CPU
		{313D4E1D-FD38-4CD9-9CE8-0A890C2EFDD1}.Debug|Any CPU.ActiveCfg = Debug|Any CPU
		{313D4E1D-FD38-4CD9-9CE8-0A890C2EFDD1}.Debug|Any CPU.Build.0 = Debug|Any CPU
		{313D4E1D-FD38-4CD9-9CE8-0A890C2EFDD1}.Release|Any CPU.ActiveCfg = Release|Any CPU
		{313D4E1D-FD38-4CD9-9CE8-0A890C2EFDD1}.Release|Any CPU.Build.0 = Release|Any CPU
		{5779D5DC-FE39-478B-90E0-3950BCD53B78}.Debug|Any CPU.ActiveCfg = Debug|Any CPU
		{5779D5DC-FE39-478B-90E0-3950BCD53B78}.Debug|Any CPU.Build.0 = Debug|Any CPU
		{5779D5DC-FE39-478B-90E0-3950BCD53B78}.Release|Any CPU.ActiveCfg = Release|Any CPU
		{5779D5DC-FE39-478B-90E0-3950BCD53B78}.Release|Any CPU.Build.0 = Release|Any CPU
		{A16BB886-4A11-472D-813B-1A19CD0C9146}.Debug|Any CPU.ActiveCfg = Debug|Any CPU
		{A16BB886-4A11-472D-813B-1A19CD0C9146}.Debug|Any CPU.Build.0 = Debug|Any CPU
		{A16BB886-4A11-472D-813B-1A19CD0C9146}.Release|Any CPU.ActiveCfg = Release|Any CPU
		{A16BB886-4A11-472D-813B-1A19CD0C9146}.Release|Any CPU.Build.0 = Release|Any CPU
		{3D3642D1-4CDF-4F5A-9A6C-020216C67863}.Debug|Any CPU.ActiveCfg = Debug|Any CPU
		{3D3642D1-4CDF-4F5A-9A6C-020216C67863}.Debug|Any CPU.Build.0 = Debug|Any CPU
		{3D3642D1-4CDF-4F5A-9A6C-020216C67863}.Release|Any CPU.ActiveCfg = Release|Any CPU
		{3D3642D1-4CDF-4F5A-9A6C-020216C67863}.Release|Any CPU.Build.0 = Release|Any CPU
		{0F15D48A-D333-4446-B50B-89FFBDE44D60}.Debug|Any CPU.ActiveCfg = Debug|Any CPU
		{0F15D48A-D333-4446-B50B-89FFBDE44D60}.Debug|Any CPU.Build.0 = Debug|Any CPU
		{0F15D48A-D333-4446-B50B-89FFBDE44D60}.Release|Any CPU.ActiveCfg = Release|Any CPU
		{0F15D48A-D333-4446-B50B-89FFBDE44D60}.Release|Any CPU.Build.0 = Release|Any CPU
		{77696E02-2FA3-49C5-96B5-FFAA11B1659E}.Debug|Any CPU.ActiveCfg = Debug|Any CPU
		{77696E02-2FA3-49C5-96B5-FFAA11B1659E}.Debug|Any CPU.Build.0 = Debug|Any CPU
		{77696E02-2FA3-49C5-96B5-FFAA11B1659E}.Release|Any CPU.ActiveCfg = Release|Any CPU
		{77696E02-2FA3-49C5-96B5-FFAA11B1659E}.Release|Any CPU.Build.0 = Release|Any CPU
		{8AA79C23-5619-4A13-999D-DF9F993F0665}.Debug|Any CPU.ActiveCfg = Debug|Any CPU
		{8AA79C23-5619-4A13-999D-DF9F993F0665}.Debug|Any CPU.Build.0 = Debug|Any CPU
		{8AA79C23-5619-4A13-999D-DF9F993F0665}.Release|Any CPU.ActiveCfg = Release|Any CPU
		{8AA79C23-5619-4A13-999D-DF9F993F0665}.Release|Any CPU.Build.0 = Release|Any CPU
		{6F03F012-2192-4FE3-892D-DF5F6B89EA00}.Debug|Any CPU.ActiveCfg = Debug|Any CPU
		{6F03F012-2192-4FE3-892D-DF5F6B89EA00}.Debug|Any CPU.Build.0 = Debug|Any CPU
		{6F03F012-2192-4FE3-892D-DF5F6B89EA00}.Release|Any CPU.ActiveCfg = Release|Any CPU
		{6F03F012-2192-4FE3-892D-DF5F6B89EA00}.Release|Any CPU.Build.0 = Release|Any CPU
	EndGlobalSection
	GlobalSection(SolutionProperties) = preSolution
		HideSolutionNode = FALSE
	EndGlobalSection
	GlobalSection(NestedProjects) = preSolution
		{A4A1E425-A541-40D4-9959-8896291B00C1} = {72BCA93C-9F19-4C93-A979-754EEB92B845}
		{AC4144BB-56B9-4AF3-8904-0802F5C3EC57} = {A4A1E425-A541-40D4-9959-8896291B00C1}
		{5967534B-5083-4DA4-8591-C29A5A8562FF} = {99C017D4-EAC1-451E-A899-B17E65116ACA}
		{D1CBCE0C-8600-4DFE-A235-BF7F5F8A4FC7} = {E3F336DC-A9FF-4C86-A7EF-1B2FF7869CB5}
		{FBA3A6DE-4C67-42B0-918C-E76B132A3A9B} = {72BCA93C-9F19-4C93-A979-754EEB92B845}
		{9E7CD863-140E-439E-81CB-9C26605A5198} = {FBA3A6DE-4C67-42B0-918C-E76B132A3A9B}
		{DB69BB0D-C725-4E43-95F9-38BF950DD5B5} = {72BCA93C-9F19-4C93-A979-754EEB92B845}
		{B734343E-ACC1-472F-8992-9CA9F1B02652} = {DB69BB0D-C725-4E43-95F9-38BF950DD5B5}
		{3ADB3837-A2B4-469F-95F3-35626B1A6585} = {72BCA93C-9F19-4C93-A979-754EEB92B845}
		{313D4E1D-FD38-4CD9-9CE8-0A890C2EFDD1} = {3ADB3837-A2B4-469F-95F3-35626B1A6585}
		{D621DFB5-5AB0-4E28-9C8D-55817C377FE0} = {72BCA93C-9F19-4C93-A979-754EEB92B845}
		{5779D5DC-FE39-478B-90E0-3950BCD53B78} = {D621DFB5-5AB0-4E28-9C8D-55817C377FE0}
		{A16BB886-4A11-472D-813B-1A19CD0C9146} = {D621DFB5-5AB0-4E28-9C8D-55817C377FE0}
		{3D3642D1-4CDF-4F5A-9A6C-020216C67863} = {D621DFB5-5AB0-4E28-9C8D-55817C377FE0}
		{0F15D48A-D333-4446-B50B-89FFBDE44D60} = {D621DFB5-5AB0-4E28-9C8D-55817C377FE0}
		{77696E02-2FA3-49C5-96B5-FFAA11B1659E} = {D621DFB5-5AB0-4E28-9C8D-55817C377FE0}
		{027900F0-07AD-4C67-840F-6C38D180D2C3} = {72BCA93C-9F19-4C93-A979-754EEB92B845}
		{8AA79C23-5619-4A13-999D-DF9F993F0665} = {027900F0-07AD-4C67-840F-6C38D180D2C3}
		{6F03F012-2192-4FE3-892D-DF5F6B89EA00} = {935BCFB4-3C34-4FA2-BA0E-1A0955E49444}
	EndGlobalSection
	GlobalSection(ExtensibilityGlobals) = postSolution
		SolutionGuid = {DE0C3D18-BE7F-4985-BC4C-B653CC0916A3}
	EndGlobalSection
EndGlobal
